
Microsoft Visual Studio Solution File, Format Version 12.00
# Visual Studio Version 17
VisualStudioVersion = 17.8.34322.80
MinimumVisualStudioVersion = 10.0.40219.1
Project("{FAE04EC0-301F-11D3-BF4B-00C04F79EFBC}") = "LinkedinClone", "LinkedinClone\LinkedinClone.csproj", "{F38D5B67-BB75-43D2-A95E-81BF9385DCCE}"
EndProject
Global
	GlobalSection(SolutionConfigurationPlatforms) = preSolution
		Debug|Any CPU = Debug|Any CPU
		Release|Any CPU = Release|Any CPU
	EndGlobalSection
	GlobalSection(ProjectConfigurationPlatforms) = postSolution
		{F38D5B67-BB75-43D2-A95E-81BF9385DCCE}.Debug|Any CPU.ActiveCfg = Debug|Any CPU
		{F38D5B67-BB75-43D2-A95E-81BF9385DCCE}.Debug|Any CPU.Build.0 = Debug|Any CPU
		{F38D5B67-BB75-43D2-A95E-81BF9385DCCE}.Release|Any CPU.ActiveCfg = Release|Any CPU
		{F38D5B67-BB75-43D2-A95E-81BF9385DCCE}.Release|Any CPU.Build.0 = Release|Any CPU
	EndGlobalSection
	GlobalSection(SolutionProperties) = preSolution
		HideSolutionNode = FALSE
	EndGlobalSection
	GlobalSection(ExtensibilityGlobals) = postSolution
		SolutionGuid = {9372C9AE-A1E9-4B27-AD71-239DD0E3B11D}
	EndGlobalSection
EndGlobal
